
Microsoft Visual Studio Solution File, Format Version 12.00
# Visual Studio Version 16
VisualStudioVersion = 16.0.30503.244
MinimumVisualStudioVersion = 10.0.40219.1
Project("{FAE04EC0-301F-11D3-BF4B-00C04F79EFBC}") = "PC_Components_Monitor", "PC_Components_Monitor.csproj", "{4ED8DFBB-589C-4372-A1BD-F448ADA922D3}"
EndProject
Global
	GlobalSection(SolutionConfigurationPlatforms) = preSolution
		Debug|Any CPU = Debug|Any CPU
		Release|Any CPU = Release|Any CPU
	EndGlobalSection
	GlobalSection(ProjectConfigurationPlatforms) = postSolution
		{4ED8DFBB-589C-4372-A1BD-F448ADA922D3}.Debug|Any CPU.ActiveCfg = Debug|Any CPU
		{4ED8DFBB-589C-4372-A1BD-F448ADA922D3}.Debug|Any CPU.Build.0 = Debug|Any CPU
		{4ED8DFBB-589C-4372-A1BD-F448ADA922D3}.Release|Any CPU.ActiveCfg = Release|Any CPU
		{4ED8DFBB-589C-4372-A1BD-F448ADA922D3}.Release|Any CPU.Build.0 = Release|Any CPU
	EndGlobalSection
	GlobalSection(SolutionProperties) = preSolution
		HideSolutionNode = FALSE
	EndGlobalSection
	GlobalSection(ExtensibilityGlobals) = postSolution
		SolutionGuid = {F47A57D3-02A2-4937-B20C-F5C6642D0CB0}
	EndGlobalSection
EndGlobal
